
Microsoft Visual Studio Solution File, Format Version 12.00
# Visual Studio Version 17
VisualStudioVersion = 17.14.36408.4 d17.14
MinimumVisualStudioVersion = 10.0.40219.1
Project("{FAE04EC0-301F-11D3-BF4B-00C04F79EFBC}") = "MauiAppTempoAgora", "MauiAppTempoAgora.csproj", "{3159394F-F547-4C29-914C-0DA0E5C7B000}"
EndProject
Global
	GlobalSection(SolutionConfigurationPlatforms) = preSolution
		Debug|Any CPU = Debug|Any CPU
		Release|Any CPU = Release|Any CPU
	EndGlobalSection
	GlobalSection(ProjectConfigurationPlatforms) = postSolution
		{3159394F-F547-4C29-914C-0DA0E5C7B000}.Debug|Any CPU.ActiveCfg = Debug|Any CPU
		{3159394F-F547-4C29-914C-0DA0E5C7B000}.Debug|Any CPU.Build.0 = Debug|Any CPU
		{3159394F-F547-4C29-914C-0DA0E5C7B000}.Debug|Any CPU.Deploy.0 = Debug|Any CPU
		{3159394F-F547-4C29-914C-0DA0E5C7B000}.Release|Any CPU.ActiveCfg = Release|Any CPU
		{3159394F-F547-4C29-914C-0DA0E5C7B000}.Release|Any CPU.Build.0 = Release|Any CPU
		{3159394F-F547-4C29-914C-0DA0E5C7B000}.Release|Any CPU.Deploy.0 = Release|Any CPU
	EndGlobalSection
	GlobalSection(SolutionProperties) = preSolution
		HideSolutionNode = FALSE
	EndGlobalSection
	GlobalSection(ExtensibilityGlobals) = postSolution
		SolutionGuid = {DA27A788-A3DD-469A-B0AB-80E92E286A1B}
	EndGlobalSection
EndGlobal
